{
  "name": "hevc-studio",
  "version": "1.3.0",
  "lockfileVersion": 3,
  "requires": true,
  "packages": {
    "": {
      "name": "hevc-studio",
      "version": "1.3.0",
      "license": "ISC",
      "workspaces": [
        "packages/*",
        "services/*"
      ]
    },
    "node_modules/@libmedia/audioresample": {
      "version": "1.3.1",
      "resolved": "https://registry.npmjs.org/@libmedia/audioresample/-/audioresample-1.3.1.tgz",
      "integrity": "sha512-RCvJhEa+4IUNvj629vBU33MNGf7DkVfbdGmeOWRkPkR0U2LaUJPjvqbGAldL8W8zQKBW1w0wnDbd9zIqJzJQ1Q==",
      "dev": true,
      "license": "LGPL-3.0-or-later",
      "dependencies": {
        "@libmedia/avutil": "1.3.1",
        "@libmedia/cheap": "~1.3.1",
        "@libmedia/common": "~2.3.0"
      }
    },
    "node_modules/@libmedia/audiostretchpitch": {
      "version": "1.3.1",
      "resolved": "https://registry.npmjs.org/@libmedia/audiostretchpitch/-/audiostretchpitch-1.3.1.tgz",
      "integrity": "sha512-hVYAKVJpRXURL3E2MTqkof7TkYHq4FKODQRjHY4WuzNIQtxjwlzL7oeHWLxbKPtRj83O/gZzcq7SjF2YfLuN6A==",
      "dev": true,
      "license": "LGPL-3.0-or-later",
      "dependencies": {
        "@libmedia/cheap": "~1.3.1"
      }
    },
    "node_modules/@libmedia/avcodec": {
      "version": "1.3.1",
      "resolved": "https://registry.npmjs.org/@libmedia/avcodec/-/avcodec-1.3.1.tgz",
      "integrity": "sha512-NtuVxz2eANARdl/53P6sHma2NSrgtCiV08TQN5w2yNYrcaPWv61fxa23kHaVoYdWw+pzcbiNHGPIAM8Mt4+mQQ==",
      "dev": true,
      "license": "LGPL-3.0-or-later",
      "dependencies": {
        "@libmedia/avformat": "1.3.1",
        "@libmedia/avutil": "1.3.1",
        "@libmedia/cheap": "~1.3.1",
        "@libmedia/common": "~2.3.0"
      }
    },
    "node_modules/@libmedia/avformat": {
      "version": "1.3.1",
      "resolved": "https://registry.npmjs.org/@libmedia/avformat/-/avformat-1.3.1.tgz",
      "integrity": "sha512-pWvtbKvfxRcU5PPb6KWzphZkz4jeLxHU46hGTdEGdZvPLeiEcrTy94UEoF8pYQ4/CGqjQ5YL8hxjfEm2FyR9LQ==",
      "dev": true,
      "license": "LGPL-3.0-or-later",
      "dependencies": {
        "@libmedia/avcodec": "1.3.1",
        "@libmedia/avprotocol": "1.3.1",
        "@libmedia/avutil": "1.3.1",
        "@libmedia/cheap": "~1.3.1",
        "@libmedia/common": "~2.3.0"
      }
    },
    "node_modules/@libmedia/avnetwork": {
      "version": "1.3.1",
      "resolved": "https://registry.npmjs.org/@libmedia/avnetwork/-/avnetwork-1.3.1.tgz",
      "integrity": "sha512-/nVocpuWbH3E0GYcicFoY4/Tm7ukwJ6QVP0erWwBcxQLqaautYj+22j3LVrlsH1ZeDnaeGQTJR9dTiIa9oAXlQ==",
      "dev": true,
      "license": "LGPL-3.0-or-later",
      "dependencies": {
        "@libmedia/avformat": "1.3.1",
        "@libmedia/avprotocol": "1.3.1",
        "@libmedia/avutil": "1.3.1",
        "@libmedia/cheap": "~1.3.1",
        "@libmedia/common": "~2.3.0"
      }
    },
    "node_modules/@libmedia/avpipeline": {
      "version": "1.3.1",
      "resolved": "https://registry.npmjs.org/@libmedia/avpipeline/-/avpipeline-1.3.1.tgz",
      "integrity": "sha512-dRDazU+MSQ3rMvulJ85voie71VodH4eFXL+gmPpHPxgsZuCHoWLzWGe1NoL9rZrjSk8pH/0oP9tnLvR7nUsSJQ==",
      "dev": true,
      "license": "LGPL-3.0-or-later",
      "dependencies": {
        "@libmedia/audioresample": "1.3.1",
        "@libmedia/audiostretchpitch": "1.3.1",
        "@libmedia/avcodec": "1.3.1",
        "@libmedia/avformat": "1.3.1",
        "@libmedia/avnetwork": "1.3.1",
        "@libmedia/avprotocol": "1.3.1",
        "@libmedia/avrender": "1.3.1",
        "@libmedia/avutil": "1.3.1",
        "@libmedia/cheap": "~1.3.1",
        "@libmedia/common": "~2.3.0"
      }
    },
    "node_modules/@libmedia/avplayer": {
      "version": "1.3.1",
      "resolved": "https://registry.npmjs.org/@libmedia/avplayer/-/avplayer-1.3.1.tgz",
      "integrity": "sha512-wRELj99DbfS0t9iKkts5p1v/PSlyGkQ7A5Vy/GNTFg4ZiNo+OWTkkW/ioQuoT8seeljqizN0lWYJjJ9Ra32fcA==",
      "dev": true,
      "license": "LGPL-3.0-or-later",
      "dependencies": {
        "@libmedia/audioresample": "1.3.1",
        "@libmedia/audiostretchpitch": "1.3.1",
        "@libmedia/avcodec": "1.3.1",
        "@libmedia/avformat": "1.3.1",
        "@libmedia/avnetwork": "1.3.1",
        "@libmedia/avpipeline": "1.3.1",
        "@libmedia/avprotocol": "1.3.1",
        "@libmedia/avrender": "1.3.1",
        "@libmedia/avutil": "1.3.1",
        "@libmedia/cheap": "~1.3.1",
        "@libmedia/common": "~2.3.0",
        "ass-compiler": "^0.1.13",
        "assjs": "^0.1.1"
      }
    },
    "node_modules/@libmedia/avprotocol": {
      "version": "1.3.1",
      "resolved": "https://registry.npmjs.org/@libmedia/avprotocol/-/avprotocol-1.3.1.tgz",
      "integrity": "sha512-ACX8PMpj1o0qqP/WMikT5dxEcNRJv9oquIF7J9Nt9uKagQilR8HnFYGccWPUBI72cYabXTRxxdYYOnE4aa9ifw==",
      "dev": true,
      "license": "LGPL-3.0-or-later",
      "dependencies": {
        "@libmedia/avutil": "1.3.1",
        "@libmedia/cheap": "~1.3.1",
        "@libmedia/common": "~2.3.0"
      }
    },
    "node_modules/@libmedia/avrender": {
      "version": "1.3.1",
      "resolved": "https://registry.npmjs.org/@libmedia/avrender/-/avrender-1.3.1.tgz",
      "integrity": "sha512-qxnv5WS+QyP6psmIfIcjB/kiq07OhQNb6Zr8ofvUrlEt00KL3IHL8QkKAR6HA4kwIPuwIxN9z394BZ7j3AUe6g==",
      "dev": true,
      "license": "LGPL-3.0-or-later",
      "dependencies": {
        "@libmedia/avutil": "1.3.1",
        "@libmedia/cheap": "~1.3.1",
        "@libmedia/common": "~2.3.0"
      }
    },
    "node_modules/@libmedia/avutil": {
      "version": "1.3.1",
      "resolved": "https://registry.npmjs.org/@libmedia/avutil/-/avutil-1.3.1.tgz",
      "integrity": "sha512-JIucrOKVKA5sacC3X21GxWTrO//QG0Vl665dLRvNWJZUH0Bb56jQWzVkcWKB8+JX8Dt74IidbwXJ1JsdyGSVSg==",
      "dev": true,
      "license": "LGPL-3.0-or-later",
      "dependencies": {
        "@libmedia/cheap": "~1.3.1",
        "@libmedia/common": "~2.3.0"
      }
    },
    "node_modules/@libmedia/cheap": {
      "version": "1.3.1",
      "resolved": "https://registry.npmjs.org/@libmedia/cheap/-/cheap-1.3.1.tgz",
      "integrity": "sha512-bCbYDCBinaVlaTy4vBjUoIJyCThK9JzVWEPZYZeJkHUxNKZ5g5BZ5hlft/nmS/c7ojaEyHMaRGOUNZ72nA7f6A==",
      "dev": true,
      "license": "MIT",
      "dependencies": {
        "@libmedia/common": "~2.3.0",
        "commander": "^13.1.0"
      }
    },
    "node_modules/@libmedia/common": {
      "version": "2.3.0",
      "resolved": "https://registry.npmjs.org/@libmedia/common/-/common-2.3.0.tgz",
      "integrity": "sha512-fD8v6oDs2EeD+/BU6jhsuPF5MTJx2f18+avhTB7gTgkpQDPzrgpCz6e8qHJDuWA+rbNQA89hwMTBOhzL6b8HEQ==",
      "dev": true,
      "license": "MIT"
    },
    "node_modules/@types/react": {
      "version": "19.3.0",
      "resolved": "https://registry.npmjs.org/@types/react/-/react-19.3.0.tgz",
      "integrity": "sha512-N0rFCuH9YoxG9/m61l9MfpJKfmLOVU0em7ipIz6TRgSSkvReLB9vL85GB+yr8Bs5leqpvg96JSwF4ZS1s4viQg==",
      "dev": true,
      "license": "MIT",
      "dependencies": {
        "csstype": "^3.2.2"
      }
    },
    "node_modules/ass-compiler": {
      "version": "0.1.16",
      "resolved": "https://registry.npmjs.org/ass-compiler/-/ass-compiler-0.1.16.tgz",
      "integrity": "sha512-t6RvH8ebL47t5a62XcrxMwxh1JQoOykydpT5bSVqqf9HA9/rbFl+9JgckBVTA5QdvfwuhYD5yrSc2n3u1tsjhA==",
      "dev": true,
      "license": "MIT"
    },
    "node_modules/assjs": {
      "version": "0.1.10",
      "resolved": "https://registry.npmjs.org/assjs/-/assjs-0.1.10.tgz",
      "integrity": "sha512-pzJ+LVqAypIb+JjfvYn/LID7xrMOydTpjZ2U53m6nWa5VqPMkKtGBB7xHF6p0Y9UBtsiW3ehY9JQsgCDLXg/ow==",
      "dev": true,
      "license": "MIT"
    },
    "node_modules/commander": {
      "version": "13.1.0",
      "resolved": "https://registry.npmjs.org/commander/-/commander-13.1.0.tgz",
      "integrity": "sha512-/rFeCpNJQbhSZjGVwO9RFV3xPqbnERS8MmIQzCtD/zl6gpJuV/bMLuN92oG3F7d8oDEHHRrujSXNUr8fpjntKw==",
      "dev": true,
      "license": "MIT",
      "engines": {
        "node": ">=18"
      }
    },
    "node_modules/csstype": {
      "version": "3.2.3",
      "resolved": "https://registry.npmjs.org/csstype/-/csstype-3.2.3.tgz",
      "integrity": "sha512-z1HGKcYy2xA8AGQfwrn0PAy+PB7X/GSj3UVJW9qKyn43xWa+gl5nXmU4qqLMRzWVLFC8KusUX8T/0kCiOYpAIQ==",
      "dev": true,
      "license": "MIT"
    },
    "node_modules/hevc-player": {
      "resolved": "packages/hevc-player",
      "link": true
    },
    "node_modules/react": {
      "version": "19.3.0",
      "resolved": "https://registry.npmjs.org/react/-/react-19.3.0.tgz",
      "integrity": "sha512-E8LUcbtBWt20bbl2YoHfx4ZDBdxVTfOKtCZn9cDSJ4l6/nuoApcpIBcj47t2wZoVX8g2ZHuMHbiShgCR1T5Sog==",
      "license": "MIT",
      "optional": true,
      "peer": true,
      "engines": {
        "node": ">=0.10.0"
      }
    },
    "node_modules/stream-core": {
      "resolved": "packages/stream-core",
      "link": true
    },
    "packages/hevc-player": {
      "version": "0.5.1",
      "license": "MIT",
      "bin": {
        "hevc-player": "scripts/cli.mjs",
        "hevc-player-copy-assets": "scripts/copy-assets.mjs"
      },
      "devDependencies": {
        "@libmedia/avplayer": "1.3.1",
        "@types/react": "^19.3.0",
        "typescript": "^5.9.2"
      },
      "engines": {
        "node": ">=18"
      },
      "peerDependencies": {
        "react": ">=18"
      },
      "peerDependenciesMeta": {
        "react": {
          "optional": true
        }
      }
    },
    "packages/hevc-player/node_modules/typescript": {
      "version": "5.9.3",
      "resolved": "https://registry.npmjs.org/typescript/-/typescript-5.9.3.tgz",
      "integrity": "sha512-jl1vZzPDinLr9eUt3J/t7V6FgNEw9QjvBPdysz9KfQDD41fQrC2Y4vKQdiaUpFT4bXlb1RHhLpp8wtm6M5TgSw==",
      "dev": true,
      "license": "Apache-2.0",
      "bin": {
        "tsc": "bin/tsc",
        "tsserver": "bin/tsserver"
      },
      "engines": {
        "node": ">=14.17"
      }
    },
    "packages/stream-core": {
      "version": "0.1.0",
      "license": "MIT"
    },
    "services/backend": {
      "name": "@hevc-studio/backend",
      "version": "1.3.0",
      "extraneous": true,
      "dependencies": {
        "stream-core": "*"
      }
    },
    "services/frontend": {
      "name": "@hevc-studio/frontend",
      "version": "1.3.0",
      "extraneous": true,
      "dependencies": {
        "hevc-player": "*",
        "next": "^16.3.5",
        "react": "^19.3.0",
        "react-dom": "^19.3.0"
      },
      "devDependencies": {
        "@types/node": "^26.5.1",
        "@types/react": "^19.3.0",
        "@types/react-dom": "^19.3.0",
        "typescript": "^7.0.2"
      }
    },
    "services/streaming": {
      "name": "@hevc-studio/streaming",
      "version": "1.3.0",
      "extraneous": true,
      "dependencies": {
        "stream-core": "*"
      }
    }
  }
}
